
Microsoft Visual Studio Solution File, Format Version 12.00
# Visual Studio 15
VisualStudioVersion = 15.0.27428.2011
MinimumVisualStudioVersion = 10.0.40219.1
Project("{FAE04EC0-301F-11D3-BF4B-00C04F79EFBC}") = "WindowsFormsApp26.neyrons", "WindowsFormsApp26.neyrons\WindowsFormsApp26.neyrons.csproj", "{84F73BEB-DEFE-4005-9E56-B2963DEAFA9C}"
EndProject
Global
	GlobalSection(SolutionConfigurationPlatforms) = preSolution
		Debug|Any CPU = Debug|Any CPU
		Release|Any CPU = Release|Any CPU
	EndGlobalSection
	GlobalSection(ProjectConfigurationPlatforms) = postSolution
		{84F73BEB-DEFE-4005-9E56-B2963DEAFA9C}.Debug|Any CPU.ActiveCfg = Debug|Any CPU
		{84F73BEB-DEFE-4005-9E56-B2963DEAFA9C}.Debug|Any CPU.Build.0 = Debug|Any CPU
		{84F73BEB-DEFE-4005-9E56-B2963DEAFA9C}.Release|Any CPU.ActiveCfg = Release|Any CPU
		{84F73BEB-DEFE-4005-9E56-B2963DEAFA9C}.Release|Any CPU.Build.0 = Release|Any CPU
	EndGlobalSection
	GlobalSection(SolutionProperties) = preSolution
		HideSolutionNode = FALSE
	EndGlobalSection
	GlobalSection(ExtensibilityGlobals) = postSolution
		SolutionGuid = {BDAAC63D-77BA-442B-AB87-DBDDDB61E268}
	EndGlobalSection
EndGlobal
